
Microsoft Visual Studio Solution File, Format Version 12.00
# Visual Studio Version 17
VisualStudioVersion = 17.3.32825.248
MinimumVisualStudioVersion = 10.0.40219.1
Project("{9A19103F-16F7-4668-BE54-9A1E7A4F7556}") = "TransactionStore.API", "TransactionStore.API.csproj", "{AB151259-6498-4B29-A9A3-15B661EEEAFE}"
EndProject
Project("{FAE04EC0-301F-11D3-BF4B-00C04F79EFBC}") = "LoggerService", "..\LoggerService\LoggerService.csproj", "{A98952D1-F5E2-4FDB-B557-6C4B5A55A161}"
EndProject
Global
	GlobalSection(SolutionConfigurationPlatforms) = preSolution
		Debug|Any CPU = Debug|Any CPU
		Release|Any CPU = Release|Any CPU
	EndGlobalSection
	GlobalSection(ProjectConfigurationPlatforms) = postSolution
		{AB151259-6498-4B29-A9A3-15B661EEEAFE}.Debug|Any CPU.ActiveCfg = Debug|Any CPU
		{AB151259-6498-4B29-A9A3-15B661EEEAFE}.Debug|Any CPU.Build.0 = Debug|Any CPU
		{AB151259-6498-4B29-A9A3-15B661EEEAFE}.Release|Any CPU.ActiveCfg = Release|Any CPU
		{AB151259-6498-4B29-A9A3-15B661EEEAFE}.Release|Any CPU.Build.0 = Release|Any CPU
		{A98952D1-F5E2-4FDB-B557-6C4B5A55A161}.Debug|Any CPU.ActiveCfg = Debug|Any CPU
		{A98952D1-F5E2-4FDB-B557-6C4B5A55A161}.Debug|Any CPU.Build.0 = Debug|Any CPU
		{A98952D1-F5E2-4FDB-B557-6C4B5A55A161}.Release|Any CPU.ActiveCfg = Release|Any CPU
		{A98952D1-F5E2-4FDB-B557-6C4B5A55A161}.Release|Any CPU.Build.0 = Release|Any CPU
	EndGlobalSection
	GlobalSection(SolutionProperties) = preSolution
		HideSolutionNode = FALSE
	EndGlobalSection
	GlobalSection(ExtensibilityGlobals) = postSolution
		SolutionGuid = {BE74E78F-367F-4A32-8A95-C65906D26636}
	EndGlobalSection
EndGlobal
